[[dependencies]]
name = "contract-libs"
version = "0.1.3"
url = "https://github.com/axieinfinity/contract-libs/archive/refs/tags/release-v0.1.3.zip"
checksum = "65a6e4bf8857811e93a15d8692cdea8779c92353067a4a8c55354d59b7152513"
integrity = "a70a6e7de1556602c5f97877bfac776232b12f01fbc22f78a99c179ded622624"

[[dependencies]]
name = "fdk"
version = "0.3.4-beta"
url = "https://github.com/axieinfinity/foundry-deployment-kit/archive/refs/tags/v0.3.4-beta.zip"
checksum = "d93cfa76dee3a227b2ee24d41c4afe2141fb25498eed9352d036ab13bbc16c13"
integrity = "4f0417853a563024747cba0dd88d501717c13d4387132e5b1b854da69b7486b2"

[[dependencies]]
name = "openzeppelin"
version = "4.9.3"
url = "https://github.com/OpenZeppelin/openzeppelin-contracts/archive/refs/tags/v4.9.3.zip"
checksum = "94270990c32ff2d00c06a9dabaf5b7a8e36773e017254acbb39d13733eb82960"
integrity = "5038b50ec02f34fe736aa65e36259a19e7cdb3e36c8fad0e06b23da3f0b19797"
