[[dependencies]]
name = "contract-libs"
version = "0.1.3"
url = "https://github.com/axieinfinity/contract-libs/archive/refs/tags/release-v0.1.3.zip"
checksum = "65a6e4bf8857811e93a15d8692cdea8779c92353067a4a8c55354d59b7152513"
integrity = "11e56f048cda4dcefe820fd408a321d70812082f8970a8cadca6c7a0ce87a497"

[[dependencies]]
name = "fdk"
version = "0.3.5-rc"
url = "https://github.com/axieinfinity/foundry-deployment-kit/archive/refs/tags/v0.3.5-rc.zip"
checksum = "1b2a5c4cb7836463d821d79483d45594fcab2f96f0200641da52d14ccdd6ccbc"
integrity = "a9a42316943b53d68a2dd135906632a264175585a0d4f9f50927228061a35b82"

[[dependencies]]
name = "openzeppelin"
version = "4.9.3"
url = "https://github.com/OpenZeppelin/openzeppelin-contracts/archive/refs/tags/v4.9.3.zip"
checksum = "94270990c32ff2d00c06a9dabaf5b7a8e36773e017254acbb39d13733eb82960"
integrity = "e3a5afeb5711fe90af3f376f53b3c4ffd9349b31c5e120df3041d6709df4d18b"
