[[dependencies]]
name = "@fdk"
version = "0.3.6"
url = "https://github.com/axieinfinity/foundry-deployment-kit/archive/refs/tags/v0.3.6-gamma.1.zip"
checksum = "c03a263dcc04dfc02f9de685a21c31e8d63c2a57e3c068fa70d3325031b68263"
integrity = "8dc148795fbbe00966ab633f20f8a0b66df51844afda2017e029ac990f015c48"

[[dependencies]]
name = "@openzeppelin-contracts"
version = "4.9.3"
url = "https://github.com/OpenZeppelin/openzeppelin-contracts/archive/refs/tags/v4.9.3.zip"
checksum = "94270990c32ff2d00c06a9dabaf5b7a8e36773e017254acbb39d13733eb82960"
integrity = "be2160bbca74b40c3ce2000d2d979f009e1d0566dce785656a8b1ebae9831d55"

[[dependencies]]
name = "@pythnetwork-pyth-sdk-solidity"
version = "2.2.0"
url = "https://github.com/pyth-network/pyth-sdk-solidity/archive/refs/tags/v2.2.0.zip"
checksum = "71431ac3fe4e61ce2b8abd649d3e741277ca4dba287c2a4291d040190b8fb8da"
integrity = "845f9e662935eb347e9189da9b156f0062bcab1d372c7397777dbda609776a5c"
